
Microsoft Visual Studio Solution File, Format Version 12.00
# Visual Studio Version 16
VisualStudioVersion = 16.0.809.8
MinimumVisualStudioVersion = 10.0.40219.1
Project("{FAE04EC0-301F-11D3-BF4B-00C04F79EFBC}") = "dotnet5react-redux", "dotnet5react-redux.csproj", "{F8403BF0-C150-4D26-9597-AFCFA3BB2B25}"
EndProject
Global
	GlobalSection(SolutionConfigurationPlatforms) = preSolution
		Debug|Any CPU = Debug|Any CPU
		Release|Any CPU = Release|Any CPU
	EndGlobalSection
	GlobalSection(ProjectConfigurationPlatforms) = postSolution
		{F8403BF0-C150-4D26-9597-AFCFA3BB2B25}.Debug|Any CPU.ActiveCfg = Debug|Any CPU
		{F8403BF0-C150-4D26-9597-AFCFA3BB2B25}.Debug|Any CPU.Build.0 = Debug|Any CPU
		{F8403BF0-C150-4D26-9597-AFCFA3BB2B25}.Release|Any CPU.ActiveCfg = Release|Any CPU
		{F8403BF0-C150-4D26-9597-AFCFA3BB2B25}.Release|Any CPU.Build.0 = Release|Any CPU
	EndGlobalSection
	GlobalSection(SolutionProperties) = preSolution
		HideSolutionNode = FALSE
	EndGlobalSection
	GlobalSection(ExtensibilityGlobals) = postSolution
		SolutionGuid = {92018159-6D0E-4D06-A9F3-988D049CC0E1}
	EndGlobalSection
EndGlobal
